
Microsoft Visual Studio Solution File, Format Version 12.00
# Visual Studio Version 17
VisualStudioVersion = 17.0.31903.59
MinimumVisualStudioVersion = 10.0.40219.1
Project("{FAE04EC0-301F-11D3-BF4B-00C04F79EFBC}") = "Amp.Facebook.Api", "src\Amp.Facebook.Api\Amp.Facebook.Api.csproj", "{B5B2E5D6-3F4A-4B2C-8D1E-9F0A1B2C3D4E}"
EndProject
Project("{2150E333-8FDC-42A3-9474-1A3956D46DE8}") = "Amp.Core", "Amp.Core", "{F0F1F2F3-F4F5-F6F7-F8F9-FAFBFCFDFEFF}"
EndProject
Project("{FAE04EC0-301F-11D3-BF4B-00C04F79EFBC}") = "Amp.Core.Common", "src\Amp.Core\src\Amp.Core.Common\Amp.Core.Common.csproj", "{A1A2A3A4-A5A6-A7A8-A9AA-ABACADAEAFB0}"
EndProject
Project("{FAE04EC0-301F-11D3-BF4B-00C04F79EFBC}") = "Amp.Core.Extensions", "src\Amp.Core\src\Amp.Core.Extensions\Amp.Core.Extensions.csproj", "{B1B2B3B4-B5B6-B7B8-B9BA-BBBCBDBEBFC0}"
EndProject
Project("{FAE04EC0-301F-11D3-BF4B-00C04F79EFBC}") = "Amp.Core.Middleware", "src\Amp.Core\src\Amp.Core.Middleware\Amp.Core.Middleware.csproj", "{C1C2C3C4-C5C6-C7C8-C9CA-CBCCCDC0ECFD}"
EndProject
Project("{FAE04EC0-301F-11D3-BF4B-00C04F79EFBC}") = "Amp.Core.Services.Abstractions", "src\Amp.Core\src\Amp.Core.Services.Abstractions\Amp.Core.Services.Abstractions.csproj", "{D1D2D3D4-D5D6-D7D8-D9DA-DBDCDDDEDFDE}"
EndProject
Project("{FAE04EC0-301F-11D3-BF4B-00C04F79EFBC}") = "Amp.Core.Services", "src\Amp.Core\src\Amp.Core.Services\Amp.Core.Services.csproj", "{E1E2E3E4-E5E6-E7E8-E9EA-EBECEDEEEFEF}"
EndProject
Global
	GlobalSection(SolutionConfigurationPlatforms) = preSolution
		Debug|Any CPU = Debug|Any CPU
		Release|Any CPU = Release|Any CPU
	EndGlobalSection
	GlobalSection(ProjectConfigurationPlatforms) = postSolution
		{B5B2E5D6-3F4A-4B2C-8D1E-9F0A1B2C3D4E}.Debug|Any CPU.ActiveCfg = Debug|Any CPU
		{B5B2E5D6-3F4A-4B2C-8D1E-9F0A1B2C3D4E}.Debug|Any CPU.Build.0 = Debug|Any CPU
		{B5B2E5D6-3F4A-4B2C-8D1E-9F0A1B2C3D4E}.Release|Any CPU.ActiveCfg = Release|Any CPU
		{B5B2E5D6-3F4A-4B2C-8D1E-9F0A1B2C3D4E}.Release|Any CPU.Build.0 = Release|Any CPU
		{A1A2A3A4-A5A6-A7A8-A9AA-ABACADAEAFB0}.Debug|Any CPU.ActiveCfg = Debug|Any CPU
		{A1A2A3A4-A5A6-A7A8-A9AA-ABACADAEAFB0}.Debug|Any CPU.Build.0 = Debug|Any CPU
		{A1A2A3A4-A5A6-A7A8-A9AA-ABACADAEAFB0}.Release|Any CPU.ActiveCfg = Release|Any CPU
		{A1A2A3A4-A5A6-A7A8-A9AA-ABACADAEAFB0}.Release|Any CPU.Build.0 = Release|Any CPU
		{B1B2B3B4-B5B6-B7B8-B9BA-BBBCBDBEBFC0}.Debug|Any CPU.ActiveCfg = Debug|Any CPU
		{B1B2B3B4-B5B6-B7B8-B9BA-BBBCBDBEBFC0}.Debug|Any CPU.Build.0 = Debug|Any CPU
		{B1B2B3B4-B5B6-B7B8-B9BA-BBBCBDBEBFC0}.Release|Any CPU.ActiveCfg = Release|Any CPU
		{B1B2B3B4-B5B6-B7B8-B9BA-BBBCBDBEBFC0}.Release|Any CPU.Build.0 = Release|Any CPU
		{C1C2C3C4-C5C6-C7C8-C9CA-CBCCCDC0ECFD}.Debug|Any CPU.ActiveCfg = Debug|Any CPU
		{C1C2C3C4-C5C6-C7C8-C9CA-CBCCCDC0ECFD}.Debug|Any CPU.Build.0 = Debug|Any CPU
		{C1C2C3C4-C5C6-C7C8-C9CA-CBCCCDC0ECFD}.Release|Any CPU.ActiveCfg = Release|Any CPU
		{C1C2C3C4-C5C6-C7C8-C9CA-CBCCCDC0ECFD}.Release|Any CPU.Build.0 = Release|Any CPU
		{D1D2D3D4-D5D6-D7D8-D9DA-DBDCDDDEDFDE}.Debug|Any CPU.ActiveCfg = Debug|Any CPU
		{D1D2D3D4-D5D6-D7D8-D9DA-DBDCDDDEDFDE}.Debug|Any CPU.Build.0 = Debug|Any CPU
		{D1D2D3D4-D5D6-D7D8-D9DA-DBDCDDDEDFDE}.Release|Any CPU.ActiveCfg = Release|Any CPU
		{D1D2D3D4-D5D6-D7D8-D9DA-DBDCDDDEDFDE}.Release|Any CPU.Build.0 = Release|Any CPU
		{E1E2E3E4-E5E6-E7E8-E9EA-EBECEDEEEFEF}.Debug|Any CPU.ActiveCfg = Debug|Any CPU
		{E1E2E3E4-E5E6-E7E8-E9EA-EBECEDEEEFEF}.Debug|Any CPU.Build.0 = Debug|Any CPU
		{E1E2E3E4-E5E6-E7E8-E9EA-EBECEDEEEFEF}.Release|Any CPU.ActiveCfg = Release|Any CPU
		{E1E2E3E4-E5E6-E7E8-E9EA-EBECEDEEEFEF}.Release|Any CPU.Build.0 = Release|Any CPU
	EndGlobalSection
	GlobalSection(SolutionProperties) = preSolution
		HideSolutionNode = FALSE
	EndGlobalSection
	GlobalSection(NestedProjects) = preSolution
		{A1A2A3A4-A5A6-A7A8-A9AA-ABACADAEAFB0} = {F0F1F2F3-F4F5-F6F7-F8F9-FAFBFCFDFEFF}
		{B1B2B3B4-B5B6-B7B8-B9BA-BBBCBDBEBFC0} = {F0F1F2F3-F4F5-F6F7-F8F9-FAFBFCFDFEFF}
		{C1C2C3C4-C5C6-C7C8-C9CA-CBCCCDC0ECFD} = {F0F1F2F3-F4F5-F6F7-F8F9-FAFBFCFDFEFF}
		{D1D2D3D4-D5D6-D7D8-D9DA-DBDCDDDEDFDE} = {F0F1F2F3-F4F5-F6F7-F8F9-FAFBFCFDFEFF}
		{E1E2E3E4-E5E6-E7E8-E9EA-EBECEDEEEFEF} = {F0F1F2F3-F4F5-F6F7-F8F9-FAFBFCFDFEFF}
	EndGlobalSection
EndGlobal
